{
  "name": "scripts",
  "lockfileVersion": 3,
  "requires": true,
  "packages": {
    "": {
      "dependencies": {
        "@automerge/automerge": "latest"
      }
    },
    "node_modules/@automerge/automerge": {
      "version": "3.2.6",
      "resolved": "https://registry.npmjs.org/@automerge/automerge/-/automerge-3.2.6.tgz",
      "integrity": "sha512-9/GXXfYYWNVGpnbRrGQzTNU4fWZ3XaEMeEg0OrpK4pvlQSpkmUBoirEb/4TMK6BwMysZGV5Yeneq3wwc7RNGfg==",
      "license": "MIT"
    }
  }
}
